<?xml version="1.0" encoding="UTF-8" standalone="yes" ?>
<CodeBlocks_project_file>
	<FileVersion major="1" minor="6" />
	<Project>
		<Option title="Aktienverwaltung" />
		<Option pch_mode="2" />
		<Option compiler="gcc" />
		<Build>
			<Target title="Debug">
				<Option output="bin/Debug/Aktienverwaltung" prefix_auto="1" extension_auto="1" />
				<Option object_output="obj/Debug/" />
				<Option type="1" />
				<Option compiler="gcc" />
				<Compiler>
					<Add option="-g" />
					<Add directory="include" />
					<Add directory="Json" />
				</Compiler>
			</Target>
			<Target title="Release">
				<Option output="bin/Release/Aktienverwaltung" prefix_auto="1" extension_auto="1" />
				<Option object_output="obj/Release/" />
				<Option type="1" />
				<Option compiler="gcc" />
				<Compiler>
					<Add option="-O2" />
					<Add directory="include" />
					<Add directory="Json" />
				</Compiler>
				<Linker>
					<Add option="-s" />
				</Linker>
			</Target>
		</Build>
		<Compiler>
			<Add option="-Wall" />
			<Add option="-fexceptions" />
		</Compiler>
		<Unit filename="CsvLineException.cpp" />
		<Unit filename="CsvLineException.h" />
		<Unit filename="HashTableDeserializer.cpp" />
		<Unit filename="HashTableDeserializer.h" />
		<Unit filename="HashTableDeserializerException.cpp" />
		<Unit filename="HashTableDeserializerException.h" />
		<Unit filename="HashTableSerializer.cpp" />
		<Unit filename="HashTableSerializer.h" />
		<Unit filename="HashUtilities.cpp" />
		<Unit filename="HashUtilities.h" />
		<Unit filename="Json/FlipSwitch.cpp" />
		<Unit filename="Json/FlipSwitch.h" />
		<Unit filename="Json/GlobalJsonDefinitions.cpp" />
		<Unit filename="Json/GlobalJsonDefinitions.h" />
		<Unit filename="Json/InsideStringLiteralState.cpp" />
		<Unit filename="Json/InsideStringLiteralState.h" />
		<Unit filename="Json/JsonNode.cpp" />
		<Unit filename="Json/JsonNode.h" />
		<Unit filename="Json/JsonObject.cpp" />
		<Unit filename="Json/JsonObject.h" />
		<Unit filename="Json/JsonObjectIdentficationException.cpp" />
		<Unit filename="Json/JsonObjectIdentficationException.h" />
		<Unit filename="Json/JsonObjectIdentifier.cpp" />
		<Unit filename="Json/JsonObjectIdentifier.h" />
		<Unit filename="Json/JsonObjectSegmenter.cpp" />
		<Unit filename="Json/JsonObjectSegmenter.h" />
		<Unit filename="Json/JsonObjectSegmenterIgnoreSignState.cpp" />
		<Unit filename="Json/JsonObjectSegmenterIgnoreSignState.h" />
		<Unit filename="Json/JsonParser.cpp" />
		<Unit filename="Json/JsonParser.h" />
		<Unit filename="Json/JsonParserException.cpp" />
		<Unit filename="Json/JsonParserException.h" />
		<Unit filename="Json/JsonUtilities.cpp" />
		<Unit filename="Json/JsonUtilities.h" />
		<Unit filename="Json/JsonValue.cpp" />
		<Unit filename="Json/JsonValue.h" />
		<Unit filename="Json/StringHelper.cpp" />
		<Unit filename="Json/StringHelper.h" />
		<Unit filename="Share.cpp" />
		<Unit filename="Share.h" />
		<Unit filename="ShareContainer.cpp" />
		<Unit filename="ShareContainer.h" />
		<Unit filename="ShareEntry.cpp" />
		<Unit filename="ShareEntry.h" />
		<Unit filename="Utilities.cpp" />
		<Unit filename="Utilities.h" />
		<Unit filename="include/DatenContainer.h" />
		<Unit filename="include/DummyTableTestClass.h" />
		<Unit filename="include/Hashtable.h" />
		<Unit filename="main.cpp" />
		<Unit filename="src/DatenContainer.cpp" />
		<Unit filename="src/DummyTableTestClass.cpp" />
		<Unit filename="src/Hashtable.cpp" />
		<Extensions>
			<code_completion />
			<envvars />
			<debugger />
			<lib_finder disable_auto="1" />
		</Extensions>
	</Project>
</CodeBlocks_project_file>
